{
  "requires": true,
  "lockfileVersion": 1,
  "dependencies": {
    "@fullcalendar/common": {
      "version": "5.9.0",
      "resolved": "https://registry.nlark.com/@fullcalendar/common/download/@fullcalendar/common-5.9.0.tgz",
      "integrity": "sha1-6SDr3bWhRLDsHj8YTbu/RCukbWU=",
      "requires": {
        "tslib": "^2.1.0"
      }
    },
    "@fullcalendar/core": {
      "version": "5.9.0",
      "resolved": "https://registry.nlark.com/@fullcalendar/core/download/@fullcalendar/core-5.9.0.tgz",
      "integrity": "sha1-PKoxyHGH9kpiJS09vVe+Szbo5fI=",
      "requires": {
        "@fullcalendar/common": "~5.9.0",
        "preact": "^10.0.5",
        "tslib": "^2.1.0"
      }
    },
    "@fullcalendar/vue": {
      "version": "5.9.0",
      "resolved": "https://registry.nlark.com/@fullcalendar/vue/download/@fullcalendar/vue-5.9.0.tgz",
      "integrity": "sha1-mUqcHpHTw3mTY88wStLZ1gwV44U=",
      "requires": {
        "@fullcalendar/core": "~5.9.0",
        "tslib": "^2.1.0"
      }
    },
    "preact": {
      "version": "10.5.14",
      "resolved": "https://registry.nlark.com/preact/download/preact-10.5.14.tgz",
      "integrity": "sha1-CxSi7vujwQpXEWuQ0aZfXwDNJwE="
    },
    "tslib": {
      "version": "2.3.1",
      "resolved": "https://registry.nlark.com/tslib/download/tslib-2.3.1.tgz?cache=0&sync_timestamp=1628722556410&other_urls=https%3A%2F%2Fregistry.nlark.com%2Ftslib%2Fdownload%2Ftslib-2.3.1.tgz",
      "integrity": "sha1-6KM1rdXOrlGqJh0ypJAVjvBC7wE="
    }
  }
}
