# THIS IS AN AUTOGENERATED FILE. DO NOT EDIT THIS FILE DIRECTLY.
# yarn lockfile v1


"@fullcalendar/common@~5.9.0":
  version "5.9.0"
  resolved "https://registry.nlark.com/@fullcalendar/common/download/@fullcalendar/common-5.9.0.tgz#e920ebddb5a144b0ec1e3f184dbbbf442ba46d65"
  integrity sha1-6SDr3bWhRLDsHj8YTbu/RCukbWU=
  dependencies:
    tslib "^2.1.0"

"@fullcalendar/daygrid@^5.9.0":
  version "5.9.0"
  resolved "https://registry.nlark.com/@fullcalendar/daygrid/download/@fullcalendar/daygrid-5.9.0.tgz#d168d63ee850883a62c599bbae2695a32ef42f6f"
  integrity sha1-0WjWPuhQiDpixZm7riaVoy70L28=
  dependencies:
    "@fullcalendar/common" "~5.9.0"
    tslib "^2.1.0"

tslib@^2.1.0:
  version "2.3.1"
  resolved "https://registry.nlark.com/tslib/download/tslib-2.3.1.tgz?cache=0&sync_timestamp=1628722556410&other_urls=https%3A%2F%2Fregistry.nlark.com%2Ftslib%2Fdownload%2Ftslib-2.3.1.tgz#e8a335add5ceae51aa261d32a490158ef042ef01"
  integrity sha1-6KM1rdXOrlGqJh0ypJAVjvBC7wE=
